
Microsoft Visual Studio Solution File, Format Version 12.00
# Visual Studio Version 17
VisualStudioVersion = 17.5.002.0
MinimumVisualStudioVersion = 10.0.40219.1
Project("{9A19103F-16F7-4668-BE54-9A1E7A4F7556}") = "Demo", "Demo.csproj", "{CEAD72EF-16B4-42E0-9350-134F0E89021F}"
EndProject
Global
	GlobalSection(SolutionConfigurationPlatforms) = preSolution
		Debug|Any CPU = Debug|Any CPU
		Release|Any CPU = Release|Any CPU
	EndGlobalSection
	GlobalSection(ProjectConfigurationPlatforms) = postSolution
		{CEAD72EF-16B4-42E0-9350-134F0E89021F}.Debug|Any CPU.ActiveCfg = Debug|Any CPU
		{CEAD72EF-16B4-42E0-9350-134F0E89021F}.Debug|Any CPU.Build.0 = Debug|Any CPU
		{CEAD72EF-16B4-42E0-9350-134F0E89021F}.Release|Any CPU.ActiveCfg = Release|Any CPU
		{CEAD72EF-16B4-42E0-9350-134F0E89021F}.Release|Any CPU.Build.0 = Release|Any CPU
	EndGlobalSection
	GlobalSection(SolutionProperties) = preSolution
		HideSolutionNode = FALSE
	EndGlobalSection
	GlobalSection(ExtensibilityGlobals) = postSolution
		SolutionGuid = {4C31A291-3FFF-4FD1-85C5-8646E45A7830}
	EndGlobalSection
EndGlobal
